{
  "requires": true,
  "lockfileVersion": 1,
  "dependencies": {
    "ios-inner-height": {
      "version": "1.1.0",
      "resolved": "https://registry.npmjs.org/ios-inner-height/-/ios-inner-height-1.1.0.tgz",
      "integrity": "sha512-ms/ifgoozTQSyw2Gp9u3QGB7nPw/ZTdjjriKY10m0MPdnA5TiEJiEofOc5ThGR9ACj1VosdzYDPqluMQ3/xJkQ=="
    }
  }
}
